
Microsoft Visual Studio Solution File, Format Version 12.00
# Visual Studio 15
VisualStudioVersion = 15.0.27703.2035
MinimumVisualStudioVersion = 10.0.40219.1
Project("{FAE04EC0-301F-11D3-BF4B-00C04F79EFBC}") = "dotNetSignalRDemo", "dotNetSignalRDemo\dotNetSignalRDemo.csproj", "{D71F5876-B528-449A-8BA9-284E05619BA1}"
EndProject
Global
	GlobalSection(SolutionConfigurationPlatforms) = preSolution
		Debug|Any CPU = Debug|Any CPU
		Release|Any CPU = Release|Any CPU
	EndGlobalSection
	GlobalSection(ProjectConfigurationPlatforms) = postSolution
		{D71F5876-B528-449A-8BA9-284E05619BA1}.Debug|Any CPU.ActiveCfg = Debug|Any CPU
		{D71F5876-B528-449A-8BA9-284E05619BA1}.Debug|Any CPU.Build.0 = Debug|Any CPU
		{D71F5876-B528-449A-8BA9-284E05619BA1}.Release|Any CPU.ActiveCfg = Release|Any CPU
		{D71F5876-B528-449A-8BA9-284E05619BA1}.Release|Any CPU.Build.0 = Release|Any CPU
	EndGlobalSection
	GlobalSection(SolutionProperties) = preSolution
		HideSolutionNode = FALSE
	EndGlobalSection
	GlobalSection(ExtensibilityGlobals) = postSolution
		SolutionGuid = {F1171F3F-D61F-4929-AC70-65AE04357736}
	EndGlobalSection
EndGlobal
